// !$*UTF8*$!
{
	archiveVersion = 1;
	classes = {
	};
	objectVersion = 50;
	objects = {

/* Begin PBXBuildFile section */
		FA04AD1020CD87FC00417DCE /* EventInterfaceController.swift in Sources */ = {isa = PBXBuildFile; fileRef = FA04AD0F20CD87FC00417DCE /* EventInterfaceController.swift */; };
		FA04AD1220CD880A00417DCE /* MapInterfaceController.swift in Sources */ = {isa = PBXBuildFile; fileRef = FA04AD1120CD880A00417DCE /* MapInterfaceController.swift */; };
		FA04AD1320CD8B8700417DCE /* EventInterfaceController.swift in Sources */ = {isa = PBXBuildFile; fileRef = FA04AD0F20CD87FC00417DCE /* EventInterfaceController.swift */; };
		FA07360120BAB5EC00CE409E /* TableViewController.swift in Sources */ = {isa = PBXBuildFile; fileRef = FA07360020BAB5EC00CE409E /* TableViewController.swift */; };
		FA0FE35F20CD4BF7005E04A6 /* KategorieViewController.swift in Sources */ = {isa = PBXBuildFile; fileRef = FA0FE35E20CD4BF7005E04A6 /* KategorieViewController.swift */; };
		FA0FE36620CD5A73005E04A6 /* Interface.storyboard in Resources */ = {isa = PBXBuildFile; fileRef = FA0FE36420CD5A73005E04A6 /* Interface.storyboard */; };
		FA0FE36820CD5A75005E04A6 /* Assets.xcassets in Resources */ = {isa = PBXBuildFile; fileRef = FA0FE36720CD5A75005E04A6 /* Assets.xcassets */; };
		FA0FE36F20CD5A75005E04A6 /* Veranstaltungen Watch Extension.appex in Embed App Extensions */ = {isa = PBXBuildFile; fileRef = FA0FE36E20CD5A75005E04A6 /* Veranstaltungen Watch Extension.appex */; settings = {ATTRIBUTES = (RemoveHeadersOnCopy, ); }; };
		FA0FE37420CD5A75005E04A6 /* InterfaceController.swift in Sources */ = {isa = PBXBuildFile; fileRef = FA0FE37320CD5A75005E04A6 /* InterfaceController.swift */; };
		FA0FE37620CD5A75005E04A6 /* ExtensionDelegate.swift in Sources */ = {isa = PBXBuildFile; fileRef = FA0FE37520CD5A75005E04A6 /* ExtensionDelegate.swift */; };
		FA0FE37820CD5A75005E04A6 /* NotificationController.swift in Sources */ = {isa = PBXBuildFile; fileRef = FA0FE37720CD5A75005E04A6 /* NotificationController.swift */; };
		FA0FE37A20CD5A76005E04A6 /* Assets.xcassets in Resources */ = {isa = PBXBuildFile; fileRef = FA0FE37920CD5A76005E04A6 /* Assets.xcassets */; };
		FA0FE37F20CD5A76005E04A6 /* Veranstaltungen Watch.app in Embed Watch Content */ = {isa = PBXBuildFile; fileRef = FA0FE36220CD5A73005E04A6 /* Veranstaltungen Watch.app */; };
		FA0FE39520CD6172005E04A6 /* rowController.swift in Sources */ = {isa = PBXBuildFile; fileRef = FA0FE39420CD6172005E04A6 /* rowController.swift */; };
		FA0FE39720CD62A2005E04A6 /* TableInterfaceController.swift in Sources */ = {isa = PBXBuildFile; fileRef = FA0FE39620CD62A2005E04A6 /* TableInterfaceController.swift */; };
		FA0FE39C20CD6832005E04A6 /* WatchEventModel.swift in Sources */ = {isa = PBXBuildFile; fileRef = FA0FE39A20CD6665005E04A6 /* WatchEventModel.swift */; };
		FA0FE39D20CD6832005E04A6 /* WatchEventDataModel.swift in Sources */ = {isa = PBXBuildFile; fileRef = FA0FE39820CD65F1005E04A6 /* WatchEventDataModel.swift */; };
		FA0FE39E20CD6834005E04A6 /* WatchEventDataModel.swift in Sources */ = {isa = PBXBuildFile; fileRef = FA0FE39820CD65F1005E04A6 /* WatchEventDataModel.swift */; };
		FA0FE39F20CD6837005E04A6 /* WatchEventModel.swift in Sources */ = {isa = PBXBuildFile; fileRef = FA0FE39A20CD6665005E04A6 /* WatchEventModel.swift */; };
		FA0FE3A020CD69E2005E04A6 /* TableInterfaceController.swift in Sources */ = {isa = PBXBuildFile; fileRef = FA0FE39620CD62A2005E04A6 /* TableInterfaceController.swift */; };
		FA1CFA6520BB24DD0061B548 /* PhotoUploadViewController.swift in Sources */ = {isa = PBXBuildFile; fileRef = FA1CFA6420BB24DD0061B548 /* PhotoUploadViewController.swift */; };
		FA25C7EE20CC3DF2009B700F /* DoneViewController.swift in Sources */ = {isa = PBXBuildFile; fileRef = FA25C7ED20CC3DF2009B700F /* DoneViewController.swift */; };
		FA6459D020BB2A0500770EE6 /* ErstellenViewController.swift in Sources */ = {isa = PBXBuildFile; fileRef = FA6459CF20BB2A0500770EE6 /* ErstellenViewController.swift */; };
		FA6459D220BC05E400770EE6 /* LoginViewController.swift in Sources */ = {isa = PBXBuildFile; fileRef = FA6459D120BC05E400770EE6 /* LoginViewController.swift */; };
		FA6459D420BC05F900770EE6 /* RegisterViewController.swift in Sources */ = {isa = PBXBuildFile; fileRef = FA6459D320BC05F900770EE6 /* RegisterViewController.swift */; };
		FA780B1F20CD6D4400077C8D /* rowController.swift in Sources */ = {isa = PBXBuildFile; fileRef = FA0FE39420CD6172005E04A6 /* rowController.swift */; };
		FA780B2020CD73A700077C8D /* InterfaceController.swift in Sources */ = {isa = PBXBuildFile; fileRef = FA0FE37320CD5A75005E04A6 /* InterfaceController.swift */; };
		FA780B2220CD777C00077C8D /* CoreLocation.framework in Frameworks */ = {isa = PBXBuildFile; fileRef = FA780B2120CD777C00077C8D /* CoreLocation.framework */; };
		FA8572A020C6DA7F00455CB0 /* EventModel.swift in Sources */ = {isa = PBXBuildFile; fileRef = FA85729F20C6DA7F00455CB0 /* EventModel.swift */; };
		FA8572A220C6DAD300455CB0 /* EventDataModel.swift in Sources */ = {isa = PBXBuildFile; fileRef = FA8572A120C6DAD300455CB0 /* EventDataModel.swift */; };
		FA8572A420C803F400455CB0 /* EventViewController.swift in Sources */ = {isa = PBXBuildFile; fileRef = FA8572A320C803F400455CB0 /* EventViewController.swift */; };
		FA8572A620C805BA00455CB0 /* MapViewController.swift in Sources */ = {isa = PBXBuildFile; fileRef = FA8572A520C805BA00455CB0 /* MapViewController.swift */; };
		FA8572A920C8070600455CB0 /* MapKit.framework in Frameworks */ = {isa = PBXBuildFile; fileRef = FA8572A820C8070600455CB0 /* MapKit.framework */; };
		FA8572AB20C863D200455CB0 /* LoginDataModel.swift in Sources */ = {isa = PBXBuildFile; fileRef = FA8572AA20C863D200455CB0 /* LoginDataModel.swift */; };
		FA8572AD20C868F100455CB0 /* LoginModel.swift in Sources */ = {isa = PBXBuildFile; fileRef = FA8572AC20C868F100455CB0 /* LoginModel.swift */; };
		FA8572AF20C875BD00455CB0 /* ProfileViewController.swift in Sources */ = {isa = PBXBuildFile; fileRef = FA8572AE20C875BD00455CB0 /* ProfileViewController.swift */; };
		FA8572B120C87F5F00455CB0 /* MoreViewController.swift in Sources */ = {isa = PBXBuildFile; fileRef = FA8572B020C87F5F00455CB0 /* MoreViewController.swift */; };
		FAEC0C2920B592ED00674456 /* AppDelegate.swift in Sources */ = {isa = PBXBuildFile; fileRef = FAEC0C2820B592ED00674456 /* AppDelegate.swift */; };
		FAEC0C2B20B592ED00674456 /* FirstViewController.swift in Sources */ = {isa = PBXBuildFile; fileRef = FAEC0C2A20B592ED00674456 /* FirstViewController.swift */; };
		FAEC0C2D20B592ED00674456 /* SecondViewController.swift in Sources */ = {isa = PBXBuildFile; fileRef = FAEC0C2C20B592ED00674456 /* SecondViewController.swift */; };
		FAEC0C3020B592ED00674456 /* Main.storyboard in Resources */ = {isa = PBXBuildFile; fileRef = FAEC0C2E20B592ED00674456 /* Main.storyboard */; };
		FAEC0C3220B592EE00674456 /* Assets.xcassets in Resources */ = {isa = PBXBuildFile; fileRef = FAEC0C3120B592EE00674456 /* Assets.xcassets */; };
		FAEC0C3520B592EE00674456 /* LaunchScreen.storyboard in Resources */ = {isa = PBXBuildFile; fileRef = FAEC0C3320B592EE00674456 /* LaunchScreen.storyboard */; };
		FAEC0C4020B592EE00674456 /* Veranstaltungen_iOSTests.swift in Sources */ = {isa = PBXBuildFile; fileRef = FAEC0C3F20B592EE00674456 /* Veranstaltungen_iOSTests.swift */; };
		FAEC0C4B20B592EE00674456 /* Veranstaltungen_iOSUITests.swift in Sources */ = {isa = PBXBuildFile; fileRef = FAEC0C4A20B592EE00674456 /* Veranstaltungen_iOSUITests.swift */; };
/* End PBXBuildFile section */

/* Begin PBXContainerItemProxy section */
		FA0FE37020CD5A75005E04A6 /* PBXContainerItemProxy */ = {
			isa = PBXContainerItemProxy;
			containerPortal = FAEC0C1D20B592ED00674456 /* Project object */;
			proxyType = 1;
			remoteGlobalIDString = FA0FE36D20CD5A75005E04A6;
			remoteInfo = "Veranstaltungen Watch Extension";
		};
		FA0FE37D20CD5A76005E04A6 /* PBXContainerItemProxy */ = {
			isa = PBXContainerItemProxy;
			containerPortal = FAEC0C1D20B592ED00674456 /* Project object */;
			proxyType = 1;
			remoteGlobalIDString = FA0FE36120CD5A73005E04A6;
			remoteInfo = "Veranstaltungen Watch";
		};
		FAEC0C3C20B592EE00674456 /* PBXContainerItemProxy */ = {
			isa = PBXContainerItemProxy;
			containerPortal = FAEC0C1D20B592ED00674456 /* Project object */;
			proxyType = 1;
			remoteGlobalIDString = FAEC0C2420B592ED00674456;
			remoteInfo = "Veranstaltungen iOS";
		};
		FAEC0C4720B592EE00674456 /* PBXContainerItemProxy */ = {
			isa = PBXContainerItemProxy;
			containerPortal = FAEC0C1D20B592ED00674456 /* Project object */;
			proxyType = 1;
			remoteGlobalIDString = FAEC0C2420B592ED00674456;
			remoteInfo = "Veranstaltungen iOS";
		};
/* End PBXContainerItemProxy section */

/* Begin PBXCopyFilesBuildPhase section */
		FA0FE38320CD5A76005E04A6 /* Embed App Extensions */ = {
			isa = PBXCopyFilesBuildPhase;
			buildActionMask = 2147483647;
			dstPath = "";
			dstSubfolderSpec = 13;
			files = (
				FA0FE36F20CD5A75005E04A6 /* Veranstaltungen Watch Extension.appex in Embed App Extensions */,
			);
			name = "Embed App Extensions";
			runOnlyForDeploymentPostprocessing = 0;
		};
		FA0FE38720CD5A76005E04A6 /* Embed Watch Content */ = {
			isa = PBXCopyFilesBuildPhase;
			buildActionMask = 2147483647;
			dstPath = "$(CONTENTS_FOLDER_PATH)/Watch";
			dstSubfolderSpec = 16;
			files = (
				FA0FE37F20CD5A76005E04A6 /* Veranstaltungen Watch.app in Embed Watch Content */,
			);
			name = "Embed Watch Content";
			runOnlyForDeploymentPostprocessing = 0;
		};
/* End PBXCopyFilesBuildPhase section */

/* Begin PBXFileReference section */
		FA04AD0F20CD87FC00417DCE /* EventInterfaceController.swift */ = {isa = PBXFileReference; lastKnownFileType = sourcecode.swift; path = EventInterfaceController.swift; sourceTree = "<group>"; };
		FA04AD1120CD880A00417DCE /* MapInterfaceController.swift */ = {isa = PBXFileReference; lastKnownFileType = sourcecode.swift; path = MapInterfaceController.swift; sourceTree = "<group>"; };
		FA07360020BAB5EC00CE409E /* TableViewController.swift */ = {isa = PBXFileReference; lastKnownFileType = sourcecode.swift; path = TableViewController.swift; sourceTree = "<group>"; };
		FA0FE35E20CD4BF7005E04A6 /* KategorieViewController.swift */ = {isa = PBXFileReference; lastKnownFileType = sourcecode.swift; path = KategorieViewController.swift; sourceTree = "<group>"; };
		FA0FE36220CD5A73005E04A6 /* Veranstaltungen Watch.app */ = {isa = PBXFileReference; explicitFileType = wrapper.application; includeInIndex = 0; path = "Veranstaltungen Watch.app"; sourceTree = BUILT_PRODUCTS_DIR; };
		FA0FE36520CD5A73005E04A6 /* Base */ = {isa = PBXFileReference; lastKnownFileType = file.storyboard; name = Base; path = Base.lproj/Interface.storyboard; sourceTree = "<group>"; };
		FA0FE36720CD5A75005E04A6 /* Assets.xcassets */ = {isa = PBXFileReference; lastKnownFileType = folder.assetcatalog; path = Assets.xcassets; sourceTree = "<group>"; };
		FA0FE36920CD5A75005E04A6 /* Info.plist */ = {isa = PBXFileReference; lastKnownFileType = text.plist.xml; path = Info.plist; sourceTree = "<group>"; };
		FA0FE36E20CD5A75005E04A6 /* Veranstaltungen Watch Extension.appex */ = {isa = PBXFileReference; explicitFileType = "wrapper.app-extension"; includeInIndex = 0; path = "Veranstaltungen Watch Extension.appex"; sourceTree = BUILT_PRODUCTS_DIR; };
		FA0FE37320CD5A75005E04A6 /* InterfaceController.swift */ = {isa = PBXFileReference; lastKnownFileType = sourcecode.swift; path = InterfaceController.swift; sourceTree = "<group>"; };
		FA0FE37520CD5A75005E04A6 /* ExtensionDelegate.swift */ = {isa = PBXFileReference; lastKnownFileType = sourcecode.swift; path = ExtensionDelegate.swift; sourceTree = "<group>"; };
		FA0FE37720CD5A75005E04A6 /* NotificationController.swift */ = {isa = PBXFileReference; lastKnownFileType = sourcecode.swift; path = NotificationController.swift; sourceTree = "<group>"; };
		FA0FE37920CD5A76005E04A6 /* Assets.xcassets */ = {isa = PBXFileReference; lastKnownFileType = folder.assetcatalog; path = Assets.xcassets; sourceTree = "<group>"; };
		FA0FE37B20CD5A76005E04A6 /* Info.plist */ = {isa = PBXFileReference; lastKnownFileType = text.plist.xml; path = Info.plist; sourceTree = "<group>"; };
		FA0FE37C20CD5A76005E04A6 /* PushNotificationPayload.apns */ = {isa = PBXFileReference; lastKnownFileType = text; path = PushNotificationPayload.apns; sourceTree = "<group>"; };
		FA0FE39420CD6172005E04A6 /* rowController.swift */ = {isa = PBXFileReference; lastKnownFileType = sourcecode.swift; path = rowController.swift; sourceTree = "<group>"; };
		FA0FE39620CD62A2005E04A6 /* TableInterfaceController.swift */ = {isa = PBXFileReference; lastKnownFileType = sourcecode.swift; path = TableInterfaceController.swift; sourceTree = "<group>"; };
		FA0FE39820CD65F1005E04A6 /* WatchEventDataModel.swift */ = {isa = PBXFileReference; lastKnownFileType = sourcecode.swift; path = WatchEventDataModel.swift; sourceTree = "<group>"; };
		FA0FE39A20CD6665005E04A6 /* WatchEventModel.swift */ = {isa = PBXFileReference; lastKnownFileType = sourcecode.swift; path = WatchEventModel.swift; sourceTree = "<group>"; };
		FA1CFA6420BB24DD0061B548 /* PhotoUploadViewController.swift */ = {isa = PBXFileReference; fileEncoding = 4; lastKnownFileType = sourcecode.swift; path = PhotoUploadViewController.swift; sourceTree = "<group>"; };
		FA25C7EC20CBFE95009B700F /* MyOffice.gpx */ = {isa = PBXFileReference; lastKnownFileType = text.xml; name = MyOffice.gpx; path = ../../../MyOffice.gpx; sourceTree = "<group>"; };
		FA25C7ED20CC3DF2009B700F /* DoneViewController.swift */ = {isa = PBXFileReference; lastKnownFileType = sourcecode.swift; path = DoneViewController.swift; sourceTree = "<group>"; };
		FA6459CF20BB2A0500770EE6 /* ErstellenViewController.swift */ = {isa = PBXFileReference; lastKnownFileType = sourcecode.swift; path = ErstellenViewController.swift; sourceTree = "<group>"; };
		FA6459D120BC05E400770EE6 /* LoginViewController.swift */ = {isa = PBXFileReference; lastKnownFileType = sourcecode.swift; path = LoginViewController.swift; sourceTree = "<group>"; };
		FA6459D320BC05F900770EE6 /* RegisterViewController.swift */ = {isa = PBXFileReference; lastKnownFileType = sourcecode.swift; path = RegisterViewController.swift; sourceTree = "<group>"; };
		FA780B2120CD777C00077C8D /* CoreLocation.framework */ = {isa = PBXFileReference; lastKnownFileType = wrapper.framework; name = CoreLocation.framework; path = System/Library/Frameworks/CoreLocation.framework; sourceTree = SDKROOT; };
		FA85729F20C6DA7F00455CB0 /* EventModel.swift */ = {isa = PBXFileReference; lastKnownFileType = sourcecode.swift; path = EventModel.swift; sourceTree = "<group>"; };
		FA8572A120C6DAD300455CB0 /* EventDataModel.swift */ = {isa = PBXFileReference; lastKnownFileType = sourcecode.swift; path = EventDataModel.swift; sourceTree = "<group>"; };
		FA8572A320C803F400455CB0 /* EventViewController.swift */ = {isa = PBXFileReference; lastKnownFileType = sourcecode.swift; path = EventViewController.swift; sourceTree = "<group>"; };
		FA8572A520C805BA00455CB0 /* MapViewController.swift */ = {isa = PBXFileReference; lastKnownFileType = sourcecode.swift; path = MapViewController.swift; sourceTree = "<group>"; };
		FA8572A820C8070600455CB0 /* MapKit.framework */ = {isa = PBXFileReference; lastKnownFileType = wrapper.framework; name = MapKit.framework; path = System/Library/Frameworks/MapKit.framework; sourceTree = SDKROOT; };
		FA8572AA20C863D200455CB0 /* LoginDataModel.swift */ = {isa = PBXFileReference; lastKnownFileType = sourcecode.swift; path = LoginDataModel.swift; sourceTree = "<group>"; };
		FA8572AC20C868F100455CB0 /* LoginModel.swift */ = {isa = PBXFileReference; lastKnownFileType = sourcecode.swift; path = LoginModel.swift; sourceTree = "<group>"; };
		FA8572AE20C875BD00455CB0 /* ProfileViewController.swift */ = {isa = PBXFileReference; lastKnownFileType = sourcecode.swift; path = ProfileViewController.swift; sourceTree = "<group>"; };
		FA8572B020C87F5F00455CB0 /* MoreViewController.swift */ = {isa = PBXFileReference; lastKnownFileType = sourcecode.swift; path = MoreViewController.swift; sourceTree = "<group>"; };
		FAEC0C2520B592ED00674456 /* Veranstaltungen iOS.app */ = {isa = PBXFileReference; explicitFileType = wrapper.application; includeInIndex = 0; path = "Veranstaltungen iOS.app"; sourceTree = BUILT_PRODUCTS_DIR; };
		FAEC0C2820B592ED00674456 /* AppDelegate.swift */ = {isa = PBXFileReference; lastKnownFileType = sourcecode.swift; path = AppDelegate.swift; sourceTree = "<group>"; };
		FAEC0C2A20B592ED00674456 /* FirstViewController.swift */ = {isa = PBXFileReference; lastKnownFileType = sourcecode.swift; path = FirstViewController.swift; sourceTree = "<group>"; };
		FAEC0C2C20B592ED00674456 /* SecondViewController.swift */ = {isa = PBXFileReference; lastKnownFileType = sourcecode.swift; path = SecondViewController.swift; sourceTree = "<group>"; };
		FAEC0C2F20B592ED00674456 /* Base */ = {isa = PBXFileReference; lastKnownFileType = file.storyboard; name = Base; path = Base.lproj/Main.storyboard; sourceTree = "<group>"; };
		FAEC0C3120B592EE00674456 /* Assets.xcassets */ = {isa = PBXFileReference; lastKnownFileType = folder.assetcatalog; path = Assets.xcassets; sourceTree = "<group>"; };
		FAEC0C3420B592EE00674456 /* Base */ = {isa = PBXFileReference; lastKnownFileType = file.storyboard; name = Base; path = Base.lproj/LaunchScreen.storyboard; sourceTree = "<group>"; };
		FAEC0C3620B592EE00674456 /* Info.plist */ = {isa = PBXFileReference; lastKnownFileType = text.plist.xml; path = Info.plist; sourceTree = "<group>"; };
		FAEC0C3B20B592EE00674456 /* Veranstaltungen iOSTests.xctest */ = {isa = PBXFileReference; explicitFileType = wrapper.cfbundle; includeInIndex = 0; path = "Veranstaltungen iOSTests.xctest"; sourceTree = BUILT_PRODUCTS_DIR; };
		FAEC0C3F20B592EE00674456 /* Veranstaltungen_iOSTests.swift */ = {isa = PBXFileReference; lastKnownFileType = sourcecode.swift; path = Veranstaltungen_iOSTests.swift; sourceTree = "<group>"; };
		FAEC0C4120B592EE00674456 /* Info.plist */ = {isa = PBXFileReference; lastKnownFileType = text.plist.xml; path = Info.plist; sourceTree = "<group>"; };
		FAEC0C4620B592EE00674456 /* Veranstaltungen iOSUITests.xctest */ = {isa = PBXFileReference; explicitFileType = wrapper.cfbundle; includeInIndex = 0; path = "Veranstaltungen iOSUITests.xctest"; sourceTree = BUILT_PRODUCTS_DIR; };
		FAEC0C4A20B592EE00674456 /* Veranstaltungen_iOSUITests.swift */ = {isa = PBXFileReference; lastKnownFileType = sourcecode.swift; path = Veranstaltungen_iOSUITests.swift; sourceTree = "<group>"; };
		FAEC0C4C20B592EE00674456 /* Info.plist */ = {isa = PBXFileReference; lastKnownFileType = text.plist.xml; path = Info.plist; sourceTree = "<group>"; };
/* End PBXFileReference section */

/* Begin PBXFrameworksBuildPhase section */
		FA0FE36B20CD5A75005E04A6 /* Frameworks */ = {
			isa = PBXFrameworksBuildPhase;
			buildActionMask = 2147483647;
			files = (
			);
			runOnlyForDeploymentPostprocessing = 0;
		};
		FAEC0C2220B592ED00674456 /* Frameworks */ = {
			isa = PBXFrameworksBuildPhase;
			buildActionMask = 2147483647;
			files = (
				FA780B2220CD777C00077C8D /* CoreLocation.framework in Frameworks */,
				FA8572A920C8070600455CB0 /* MapKit.framework in Frameworks */,
			);
			runOnlyForDeploymentPostprocessing = 0;
		};
		FAEC0C3820B592EE00674456 /* Frameworks */ = {
			isa = PBXFrameworksBuildPhase;
			buildActionMask = 2147483647;
			files = (
			);
			runOnlyForDeploymentPostprocessing = 0;
		};
		FAEC0C4320B592EE00674456 /* Frameworks */ = {
			isa = PBXFrameworksBuildPhase;
			buildActionMask = 2147483647;
			files = (
			);
			runOnlyForDeploymentPostprocessing = 0;
		};
/* End PBXFrameworksBuildPhase section */

/* Begin PBXGroup section */
		FA0FE36320CD5A73005E04A6 /* Veranstaltungen Watch */ = {
			isa = PBXGroup;
			children = (
				FA0FE36420CD5A73005E04A6 /* Interface.storyboard */,
				FA0FE36720CD5A75005E04A6 /* Assets.xcassets */,
				FA0FE36920CD5A75005E04A6 /* Info.plist */,
			);
			path = "Veranstaltungen Watch";
			sourceTree = "<group>";
		};
		FA0FE37220CD5A75005E04A6 /* Veranstaltungen Watch Extension */ = {
			isa = PBXGroup;
			children = (
				FA0FE37320CD5A75005E04A6 /* InterfaceController.swift */,
				FA0FE37520CD5A75005E04A6 /* ExtensionDelegate.swift */,
				FA0FE37720CD5A75005E04A6 /* NotificationController.swift */,
				FA0FE37920CD5A76005E04A6 /* Assets.xcassets */,
				FA0FE37B20CD5A76005E04A6 /* Info.plist */,
				FA0FE37C20CD5A76005E04A6 /* PushNotificationPayload.apns */,
				FA0FE39420CD6172005E04A6 /* rowController.swift */,
				FA0FE39620CD62A2005E04A6 /* TableInterfaceController.swift */,
				FA04AD0F20CD87FC00417DCE /* EventInterfaceController.swift */,
				FA04AD1120CD880A00417DCE /* MapInterfaceController.swift */,
			);
			path = "Veranstaltungen Watch Extension";
			sourceTree = "<group>";
		};
		FA8572A720C8070600455CB0 /* Frameworks */ = {
			isa = PBXGroup;
			children = (
				FA780B2120CD777C00077C8D /* CoreLocation.framework */,
				FA8572A820C8070600455CB0 /* MapKit.framework */,
			);
			name = Frameworks;
			sourceTree = "<group>";
		};
		FAEC0C1C20B592ED00674456 = {
			isa = PBXGroup;
			children = (
				FA25C7EC20CBFE95009B700F /* MyOffice.gpx */,
				FAEC0C2720B592ED00674456 /* Veranstaltungen iOS */,
				FAEC0C3E20B592EE00674456 /* Veranstaltungen iOSTests */,
				FAEC0C4920B592EE00674456 /* Veranstaltungen iOSUITests */,
				FA0FE36320CD5A73005E04A6 /* Veranstaltungen Watch */,
				FA0FE37220CD5A75005E04A6 /* Veranstaltungen Watch Extension */,
				FAEC0C2620B592ED00674456 /* Products */,
				FA8572A720C8070600455CB0 /* Frameworks */,
			);
			sourceTree = "<group>";
		};
		FAEC0C2620B592ED00674456 /* Products */ = {
			isa = PBXGroup;
			children = (
				FAEC0C2520B592ED00674456 /* Veranstaltungen iOS.app */,
				FAEC0C3B20B592EE00674456 /* Veranstaltungen iOSTests.xctest */,
				FAEC0C4620B592EE00674456 /* Veranstaltungen iOSUITests.xctest */,
				FA0FE36220CD5A73005E04A6 /* Veranstaltungen Watch.app */,
				FA0FE36E20CD5A75005E04A6 /* Veranstaltungen Watch Extension.appex */,
			);
			name = Products;
			sourceTree = "<group>";
		};
		FAEC0C2720B592ED00674456 /* Veranstaltungen iOS */ = {
			isa = PBXGroup;
			children = (
				FA1CFA6420BB24DD0061B548 /* PhotoUploadViewController.swift */,
				FAEC0C2A20B592ED00674456 /* FirstViewController.swift */,
				FAEC0C2820B592ED00674456 /* AppDelegate.swift */,
				FAEC0C2C20B592ED00674456 /* SecondViewController.swift */,
				FAEC0C2E20B592ED00674456 /* Main.storyboard */,
				FAEC0C3120B592EE00674456 /* Assets.xcassets */,
				FAEC0C3320B592EE00674456 /* LaunchScreen.storyboard */,
				FAEC0C3620B592EE00674456 /* Info.plist */,
				FA07360020BAB5EC00CE409E /* TableViewController.swift */,
				FA6459CF20BB2A0500770EE6 /* ErstellenViewController.swift */,
				FA6459D120BC05E400770EE6 /* LoginViewController.swift */,
				FA6459D320BC05F900770EE6 /* RegisterViewController.swift */,
				FA85729F20C6DA7F00455CB0 /* EventModel.swift */,
				FA8572A120C6DAD300455CB0 /* EventDataModel.swift */,
				FA8572A320C803F400455CB0 /* EventViewController.swift */,
				FA8572A520C805BA00455CB0 /* MapViewController.swift */,
				FA8572AA20C863D200455CB0 /* LoginDataModel.swift */,
				FA8572AC20C868F100455CB0 /* LoginModel.swift */,
				FA8572AE20C875BD00455CB0 /* ProfileViewController.swift */,
				FA8572B020C87F5F00455CB0 /* MoreViewController.swift */,
				FA25C7ED20CC3DF2009B700F /* DoneViewController.swift */,
				FA0FE35E20CD4BF7005E04A6 /* KategorieViewController.swift */,
				FA0FE39820CD65F1005E04A6 /* WatchEventDataModel.swift */,
				FA0FE39A20CD6665005E04A6 /* WatchEventModel.swift */,
			);
			path = "Veranstaltungen iOS";
			sourceTree = "<group>";
		};
		FAEC0C3E20B592EE00674456 /* Veranstaltungen iOSTests */ = {
			isa = PBXGroup;
			children = (
				FAEC0C3F20B592EE00674456 /* Veranstaltungen_iOSTests.swift */,
				FAEC0C4120B592EE00674456 /* Info.plist */,
			);
			path = "Veranstaltungen iOSTests";
			sourceTree = "<group>";
		};
		FAEC0C4920B592EE00674456 /* Veranstaltungen iOSUITests */ = {
			isa = PBXGroup;
			children = (
				FAEC0C4A20B592EE00674456 /* Veranstaltungen_iOSUITests.swift */,
				FAEC0C4C20B592EE00674456 /* Info.plist */,
			);
			path = "Veranstaltungen iOSUITests";
			sourceTree = "<group>";
		};
/* End PBXGroup section */

/* Begin PBXNativeTarget section */
		FA0FE36120CD5A73005E04A6 /* Veranstaltungen Watch */ = {
			isa = PBXNativeTarget;
			buildConfigurationList = FA0FE38420CD5A76005E04A6 /* Build configuration list for PBXNativeTarget "Veranstaltungen Watch" */;
			buildPhases = (
				FA0FE36020CD5A73005E04A6 /* Resources */,
				FA0FE38320CD5A76005E04A6 /* Embed App Extensions */,
			);
			buildRules = (
			);
			dependencies = (
				FA0FE37120CD5A75005E04A6 /* PBXTargetDependency */,
			);
			name = "Veranstaltungen Watch";
			productName = "Veranstaltungen Watch";
			productReference = FA0FE36220CD5A73005E04A6 /* Veranstaltungen Watch.app */;
			productType = "com.apple.product-type.application.watchapp2";
		};
		FA0FE36D20CD5A75005E04A6 /* Veranstaltungen Watch Extension */ = {
			isa = PBXNativeTarget;
			buildConfigurationList = FA0FE38020CD5A76005E04A6 /* Build configuration list for PBXNativeTarget "Veranstaltungen Watch Extension" */;
			buildPhases = (
				FA0FE36A20CD5A75005E04A6 /* Sources */,
				FA0FE36B20CD5A75005E04A6 /* Frameworks */,
				FA0FE36C20CD5A75005E04A6 /* Resources */,
			);
			buildRules = (
			);
			dependencies = (
			);
			name = "Veranstaltungen Watch Extension";
			productName = "Veranstaltungen Watch Extension";
			productReference = FA0FE36E20CD5A75005E04A6 /* Veranstaltungen Watch Extension.appex */;
			productType = "com.apple.product-type.watchkit2-extension";
		};
		FAEC0C2420B592ED00674456 /* Veranstaltungen iOS */ = {
			isa = PBXNativeTarget;
			buildConfigurationList = FAEC0C4F20B592EE00674456 /* Build configuration list for PBXNativeTarget "Veranstaltungen iOS" */;
			buildPhases = (
				FAEC0C2120B592ED00674456 /* Sources */,
				FAEC0C2220B592ED00674456 /* Frameworks */,
				FAEC0C2320B592ED00674456 /* Resources */,
				FA0FE38720CD5A76005E04A6 /* Embed Watch Content */,
			);
			buildRules = (
			);
			dependencies = (
				FA0FE37E20CD5A76005E04A6 /* PBXTargetDependency */,
			);
			name = "Veranstaltungen iOS";
			productName = "Veranstaltungen iOS";
			productReference = FAEC0C2520B592ED00674456 /* Veranstaltungen iOS.app */;
			productType = "com.apple.product-type.application";
		};
		FAEC0C3A20B592EE00674456 /* Veranstaltungen iOSTests */ = {
			isa = PBXNativeTarget;
			buildConfigurationList = FAEC0C5220B592EE00674456 /* Build configuration list for PBXNativeTarget "Veranstaltungen iOSTests" */;
			buildPhases = (
				FAEC0C3720B592EE00674456 /* Sources */,
				FAEC0C3820B592EE00674456 /* Frameworks */,
				FAEC0C3920B592EE00674456 /* Resources */,
			);
			buildRules = (
			);
			dependencies = (
				FAEC0C3D20B592EE00674456 /* PBXTargetDependency */,
			);
			name = "Veranstaltungen iOSTests";
			productName = "Veranstaltungen iOSTests";
			productReference = FAEC0C3B20B592EE00674456 /* Veranstaltungen iOSTests.xctest */;
			productType = "com.apple.product-type.bundle.unit-test";
		};
		FAEC0C4520B592EE00674456 /* Veranstaltungen iOSUITests */ = {
			isa = PBXNativeTarget;
			buildConfigurationList = FAEC0C5520B592EE00674456 /* Build configuration list for PBXNativeTarget "Veranstaltungen iOSUITests" */;
			buildPhases = (
				FAEC0C4220B592EE00674456 /* Sources */,
				FAEC0C4320B592EE00674456 /* Frameworks */,
				FAEC0C4420B592EE00674456 /* Resources */,
			);
			buildRules = (
			);
			dependencies = (
				FAEC0C4820B592EE00674456 /* PBXTargetDependency */,
			);
			name = "Veranstaltungen iOSUITests";
			productName = "Veranstaltungen iOSUITests";
			productReference = FAEC0C4620B592EE00674456 /* Veranstaltungen iOSUITests.xctest */;
			productType = "com.apple.product-type.bundle.ui-testing";
		};
/* End PBXNativeTarget section */

/* Begin PBXProject section */
		FAEC0C1D20B592ED00674456 /* Project object */ = {
			isa = PBXProject;
			attributes = {
				LastSwiftUpdateCheck = 0940;
				LastUpgradeCheck = 0930;
				ORGANIZATIONNAME = SE1;
				TargetAttributes = {
					FA0FE36120CD5A73005E04A6 = {
						CreatedOnToolsVersion = 9.4;
					};
					FA0FE36D20CD5A75005E04A6 = {
						CreatedOnToolsVersion = 9.4;
					};
					FAEC0C2420B592ED00674456 = {
						CreatedOnToolsVersion = 9.3;
					};
					FAEC0C3A20B592EE00674456 = {
						CreatedOnToolsVersion = 9.3;
						TestTargetID = FAEC0C2420B592ED00674456;
					};
					FAEC0C4520B592EE00674456 = {
						CreatedOnToolsVersion = 9.3;
						TestTargetID = FAEC0C2420B592ED00674456;
					};
				};
			};
			buildConfigurationList = FAEC0C2020B592ED00674456 /* Build configuration list for PBXProject "Veranstaltungen iOS" */;
			compatibilityVersion = "Xcode 9.3";
			developmentRegion = en;
			hasScannedForEncodings = 0;
			knownRegions = (
				en,
				Base,
			);
			mainGroup = FAEC0C1C20B592ED00674456;
			productRefGroup = FAEC0C2620B592ED00674456 /* Products */;
			projectDirPath = "";
			projectRoot = "";
			targets = (
				FAEC0C2420B592ED00674456 /* Veranstaltungen iOS */,
				FAEC0C3A20B592EE00674456 /* Veranstaltungen iOSTests */,
				FAEC0C4520B592EE00674456 /* Veranstaltungen iOSUITests */,
				FA0FE36120CD5A73005E04A6 /* Veranstaltungen Watch */,
				FA0FE36D20CD5A75005E04A6 /* Veranstaltungen Watch Extension */,
			);
		};
/* End PBXProject section */

/* Begin PBXResourcesBuildPhase section */
		FA0FE36020CD5A73005E04A6 /* Resources */ = {
			isa = PBXResourcesBuildPhase;
			buildActionMask = 2147483647;
			files = (
				FA0FE36820CD5A75005E04A6 /* Assets.xcassets in Resources */,
				FA0FE36620CD5A73005E04A6 /* Interface.storyboard in Resources */,
			);
			runOnlyForDeploymentPostprocessing = 0;
		};
		FA0FE36C20CD5A75005E04A6 /* Resources */ = {
			isa = PBXResourcesBuildPhase;
			buildActionMask = 2147483647;
			files = (
				FA0FE37A20CD5A76005E04A6 /* Assets.xcassets in Resources */,
			);
			runOnlyForDeploymentPostprocessing = 0;
		};
		FAEC0C2320B592ED00674456 /* Resources */ = {
			isa = PBXResourcesBuildPhase;
			buildActionMask = 2147483647;
			files = (
				FAEC0C3520B592EE00674456 /* LaunchScreen.storyboard in Resources */,
				FAEC0C3220B592EE00674456 /* Assets.xcassets in Resources */,
				FAEC0C3020B592ED00674456 /* Main.storyboard in Resources */,
			);
			runOnlyForDeploymentPostprocessing = 0;
		};
		FAEC0C3920B592EE00674456 /* Resources */ = {
			isa = PBXResourcesBuildPhase;
			buildActionMask = 2147483647;
			files = (
			);
			runOnlyForDeploymentPostprocessing = 0;
		};
		FAEC0C4420B592EE00674456 /* Resources */ = {
			isa = PBXResourcesBuildPhase;
			buildActionMask = 2147483647;
			files = (
			);
			runOnlyForDeploymentPostprocessing = 0;
		};
/* End PBXResourcesBuildPhase section */

/* Begin PBXSourcesBuildPhase section */
		FA0FE36A20CD5A75005E04A6 /* Sources */ = {
			isa = PBXSourcesBuildPhase;
			buildActionMask = 2147483647;
			files = (
				FA04AD1020CD87FC00417DCE /* EventInterfaceController.swift in Sources */,
				FA0FE39F20CD6837005E04A6 /* WatchEventModel.swift in Sources */,
				FA0FE39720CD62A2005E04A6 /* TableInterfaceController.swift in Sources */,
				FA04AD1220CD880A00417DCE /* MapInterfaceController.swift in Sources */,
				FA0FE37820CD5A75005E04A6 /* NotificationController.swift in Sources */,
				FA0FE39E20CD6834005E04A6 /* WatchEventDataModel.swift in Sources */,
				FA0FE37620CD5A75005E04A6 /* ExtensionDelegate.swift in Sources */,
				FA0FE39520CD6172005E04A6 /* rowController.swift in Sources */,
				FA0FE37420CD5A75005E04A6 /* InterfaceController.swift in Sources */,
			);
			runOnlyForDeploymentPostprocessing = 0;
		};
		FAEC0C2120B592ED00674456 /* Sources */ = {
			isa = PBXSourcesBuildPhase;
			buildActionMask = 2147483647;
			files = (
				FA04AD1320CD8B8700417DCE /* EventInterfaceController.swift in Sources */,
				FA780B1F20CD6D4400077C8D /* rowController.swift in Sources */,
				FA6459D220BC05E400770EE6 /* LoginViewController.swift in Sources */,
				FA8572AD20C868F100455CB0 /* LoginModel.swift in Sources */,
				FA8572A420C803F400455CB0 /* EventViewController.swift in Sources */,
				FAEC0C2D20B592ED00674456 /* SecondViewController.swift in Sources */,
				FA6459D020BB2A0500770EE6 /* ErstellenViewController.swift in Sources */,
				FA8572B120C87F5F00455CB0 /* MoreViewController.swift in Sources */,
				FA6459D420BC05F900770EE6 /* RegisterViewController.swift in Sources */,
				FA8572A020C6DA7F00455CB0 /* EventModel.swift in Sources */,
				FA0FE35F20CD4BF7005E04A6 /* KategorieViewController.swift in Sources */,
				FA0FE3A020CD69E2005E04A6 /* TableInterfaceController.swift in Sources */,
				FA1CFA6520BB24DD0061B548 /* PhotoUploadViewController.swift in Sources */,
				FA8572A620C805BA00455CB0 /* MapViewController.swift in Sources */,
				FA8572AB20C863D200455CB0 /* LoginDataModel.swift in Sources */,
				FA0FE39D20CD6832005E04A6 /* WatchEventDataModel.swift in Sources */,
				FAEC0C2920B592ED00674456 /* AppDelegate.swift in Sources */,
				FA8572A220C6DAD300455CB0 /* EventDataModel.swift in Sources */,
				FA8572AF20C875BD00455CB0 /* ProfileViewController.swift in Sources */,
				FAEC0C2B20B592ED00674456 /* FirstViewController.swift in Sources */,
				FA780B2020CD73A700077C8D /* InterfaceController.swift in Sources */,
				FA07360120BAB5EC00CE409E /* TableViewController.swift in Sources */,
				FA0FE39C20CD6832005E04A6 /* WatchEventModel.swift in Sources */,
				FA25C7EE20CC3DF2009B700F /* DoneViewController.swift in Sources */,
			);
			runOnlyForDeploymentPostprocessing = 0;
		};
		FAEC0C3720B592EE00674456 /* Sources */ = {
			isa = PBXSourcesBuildPhase;
			buildActionMask = 2147483647;
			files = (
				FAEC0C4020B592EE00674456 /* Veranstaltungen_iOSTests.swift in Sources */,
			);
			runOnlyForDeploymentPostprocessing = 0;
		};
		FAEC0C4220B592EE00674456 /* Sources */ = {
			isa = PBXSourcesBuildPhase;
			buildActionMask = 2147483647;
			files = (
				FAEC0C4B20B592EE00674456 /* Veranstaltungen_iOSUITests.swift in Sources */,
			);
			runOnlyForDeploymentPostprocessing = 0;
		};
/* End PBXSourcesBuildPhase section */

/* Begin PBXTargetDependency section */
		FA0FE37120CD5A75005E04A6 /* PBXTargetDependency */ = {
			isa = PBXTargetDependency;
			target = FA0FE36D20CD5A75005E04A6 /* Veranstaltungen Watch Extension */;
			targetProxy = FA0FE37020CD5A75005E04A6 /* PBXContainerItemProxy */;
		};
		FA0FE37E20CD5A76005E04A6 /* PBXTargetDependency */ = {
			isa = PBXTargetDependency;
			target = FA0FE36120CD5A73005E04A6 /* Veranstaltungen Watch */;
			targetProxy = FA0FE37D20CD5A76005E04A6 /* PBXContainerItemProxy */;
		};
		FAEC0C3D20B592EE00674456 /* PBXTargetDependency */ = {
			isa = PBXTargetDependency;
			target = FAEC0C2420B592ED00674456 /* Veranstaltungen iOS */;
			targetProxy = FAEC0C3C20B592EE00674456 /* PBXContainerItemProxy */;
		};
		FAEC0C4820B592EE00674456 /* PBXTargetDependency */ = {
			isa = PBXTargetDependency;
			target = FAEC0C2420B592ED00674456 /* Veranstaltungen iOS */;
			targetProxy = FAEC0C4720B592EE00674456 /* PBXContainerItemProxy */;
		};
/* End PBXTargetDependency section */

/* Begin PBXVariantGroup section */
		FA0FE36420CD5A73005E04A6 /* Interface.storyboard */ = {
			isa = PBXVariantGroup;
			children = (
				FA0FE36520CD5A73005E04A6 /* Base */,
			);
			name = Interface.storyboard;
			sourceTree = "<group>";
		};
		FAEC0C2E20B592ED00674456 /* Main.storyboard */ = {
			isa = PBXVariantGroup;
			children = (
				FAEC0C2F20B592ED00674456 /* Base */,
			);
			name = Main.storyboard;
			sourceTree = "<group>";
		};
		FAEC0C3320B592EE00674456 /* LaunchScreen.storyboard */ = {
			isa = PBXVariantGroup;
			children = (
				FAEC0C3420B592EE00674456 /* Base */,
			);
			name = LaunchScreen.storyboard;
			sourceTree = "<group>";
		};
/* End PBXVariantGroup section */

/* Begin XCBuildConfiguration section */
		FA0FE38120CD5A76005E04A6 /* Debug */ = {
			isa = XCBuildConfiguration;
			buildSettings = {
				ASSETCATALOG_COMPILER_COMPLICATION_NAME = Complication;
				CODE_SIGN_STYLE = Automatic;
				DEVELOPMENT_TEAM = VE85X6LN8T;
				INFOPLIST_FILE = "Veranstaltungen Watch Extension/Info.plist";
				LD_RUNPATH_SEARCH_PATHS = (
					"$(inherited)",
					"@executable_path/Frameworks",
					"@executable_path/../../Frameworks",
				);
				PRODUCT_BUNDLE_IDENTIFIER = "com.SE1.Veranstaltungen-iOS.watchkitapp.watchkitextension";
				PRODUCT_NAME = "${TARGET_NAME}";
				SDKROOT = watchos;
				SKIP_INSTALL = YES;
				SWIFT_VERSION = 4.0;
				TARGETED_DEVICE_FAMILY = 4;
				WATCHOS_DEPLOYMENT_TARGET = 4.3;
			};
			name = Debug;
		};
		FA0FE38220CD5A76005E04A6 /* Release */ = {
			isa = XCBuildConfiguration;
			buildSettings = {
				ASSETCATALOG_COMPILER_COMPLICATION_NAME = Complication;
				CODE_SIGN_STYLE = Automatic;
				DEVELOPMENT_TEAM = VE85X6LN8T;
				INFOPLIST_FILE = "Veranstaltungen Watch Extension/Info.plist";
				LD_RUNPATH_SEARCH_PATHS = (
					"$(inherited)",
					"@executable_path/Frameworks",
					"@executable_path/../../Frameworks",
				);
				PRODUCT_BUNDLE_IDENTIFIER = "com.SE1.Veranstaltungen-iOS.watchkitapp.watchkitextension";
				PRODUCT_NAME = "${TARGET_NAME}";
				SDKROOT = watchos;
				SKIP_INSTALL = YES;
				SWIFT_VERSION = 4.0;
				TARGETED_DEVICE_FAMILY = 4;
				WATCHOS_DEPLOYMENT_TARGET = 4.3;
			};
			name = Release;
		};
		FA0FE38520CD5A76005E04A6 /* Debug */ = {
			isa = XCBuildConfiguration;
			buildSettings = {
				ALWAYS_EMBED_SWIFT_STANDARD_LIBRARIES = YES;
				ASSETCATALOG_COMPILER_APPICON_NAME = AppIcon;
				CODE_SIGN_IDENTITY = "iPhone Developer";
				CODE_SIGN_STYLE = Automatic;
				DEVELOPMENT_TEAM = VE85X6LN8T;
				IBSC_MODULE = Veranstaltungen_Watch_Extension;
				INFOPLIST_FILE = "Veranstaltungen Watch/Info.plist";
				PRODUCT_BUNDLE_IDENTIFIER = "com.SE1.Veranstaltungen-iOS.watchkitapp";
				PRODUCT_NAME = "$(TARGET_NAME)";
				SDKROOT = watchos;
				SKIP_INSTALL = YES;
				SWIFT_VERSION = 4.0;
				TARGETED_DEVICE_FAMILY = 4;
				WATCHOS_DEPLOYMENT_TARGET = 4.3;
			};
			name = Debug;
		};
		FA0FE38620CD5A76005E04A6 /* Release */ = {
			isa = XCBuildConfiguration;
			buildSettings = {
				ALWAYS_EMBED_SWIFT_STANDARD_LIBRARIES = YES;
				ASSETCATALOG_COMPILER_APPICON_NAME = AppIcon;
				CODE_SIGN_IDENTITY = "iPhone Developer";
				CODE_SIGN_STYLE = Automatic;
				DEVELOPMENT_TEAM = VE85X6LN8T;
				IBSC_MODULE = Veranstaltungen_Watch_Extension;
				INFOPLIST_FILE = "Veranstaltungen Watch/Info.plist";
				PRODUCT_BUNDLE_IDENTIFIER = "com.SE1.Veranstaltungen-iOS.watchkitapp";
				PRODUCT_NAME = "$(TARGET_NAME)";
				SDKROOT = watchos;
				SKIP_INSTALL = YES;
				SWIFT_VERSION = 4.0;
				TARGETED_DEVICE_FAMILY = 4;
				WATCHOS_DEPLOYMENT_TARGET = 4.3;
			};
			name = Release;
		};
		FAEC0C4D20B592EE00674456 /* Debug */ = {
			isa = XCBuildConfiguration;
			buildSettings = {
				ALWAYS_SEARCH_USER_PATHS = NO;
				CLANG_ANALYZER_NONNULL = YES;
				CLANG_ANALYZER_NUMBER_OBJECT_CONVERSION = YES_AGGRESSIVE;
				CLANG_CXX_LANGUAGE_STANDARD = "gnu++14";
				CLANG_CXX_LIBRARY = "libc++";
				CLANG_ENABLE_MODULES = YES;
				CLANG_ENABLE_OBJC_ARC = YES;
				CLANG_ENABLE_OBJC_WEAK = YES;
				CLANG_WARN_BLOCK_CAPTURE_AUTORELEASING = YES;
				CLANG_WARN_BOOL_CONVERSION = YES;
				CLANG_WARN_COMMA = YES;
				CLANG_WARN_CONSTANT_CONVERSION = YES;
				CLANG_WARN_DEPRECATED_OBJC_IMPLEMENTATIONS = YES;
				CLANG_WARN_DIRECT_OBJC_ISA_USAGE = YES_ERROR;
				CLANG_WARN_DOCUMENTATION_COMMENTS = YES;
				CLANG_WARN_EMPTY_BODY = YES;
				CLANG_WARN_ENUM_CONVERSION = YES;
				CLANG_WARN_INFINITE_RECURSION = YES;
				CLANG_WARN_INT_CONVERSION = YES;
				CLANG_WARN_NON_LITERAL_NULL_CONVERSION = YES;
				CLANG_WARN_OBJC_IMPLICIT_RETAIN_SELF = YES;
				CLANG_WARN_OBJC_LITERAL_CONVERSION = YES;
				CLANG_WARN_OBJC_ROOT_CLASS = YES_ERROR;
				CLANG_WARN_RANGE_LOOP_ANALYSIS = YES;
				CLANG_WARN_STRICT_PROTOTYPES = YES;
				CLANG_WARN_SUSPICIOUS_MOVE = YES;
				CLANG_WARN_UNGUARDED_AVAILABILITY = YES_AGGRESSIVE;
				CLANG_WARN_UNREACHABLE_CODE = YES;
				CLANG_WARN__DUPLICATE_METHOD_MATCH = YES;
				CODE_SIGN_IDENTITY = "iPhone Developer";
				COPY_PHASE_STRIP = NO;
				DEBUG_INFORMATION_FORMAT = dwarf;
				ENABLE_STRICT_OBJC_MSGSEND = YES;
				ENABLE_TESTABILITY = YES;
				GCC_C_LANGUAGE_STANDARD = gnu11;
				GCC_DYNAMIC_NO_PIC = NO;
				GCC_NO_COMMON_BLOCKS = YES;
				GCC_OPTIMIZATION_LEVEL = 0;
				GCC_PREPROCESSOR_DEFINITIONS = (
					"DEBUG=1",
					"$(inherited)",
				);
				GCC_WARN_64_TO_32_BIT_CONVERSION = YES;
				GCC_WARN_ABOUT_RETURN_TYPE = YES_ERROR;
				GCC_WARN_UNDECLARED_SELECTOR = YES;
				GCC_WARN_UNINITIALIZED_AUTOS = YES_AGGRESSIVE;
				GCC_WARN_UNUSED_FUNCTION = YES;
				GCC_WARN_UNUSED_VARIABLE = YES;
				IPHONEOS_DEPLOYMENT_TARGET = 11.3;
				MTL_ENABLE_DEBUG_INFO = YES;
				ONLY_ACTIVE_ARCH = YES;
				SDKROOT = iphoneos;
				SWIFT_ACTIVE_COMPILATION_CONDITIONS = DEBUG;
				SWIFT_OPTIMIZATION_LEVEL = "-Onone";
			};
			name = Debug;
		};
		FAEC0C4E20B592EE00674456 /* Release */ = {
			isa = XCBuildConfiguration;
			buildSettings = {
				ALWAYS_SEARCH_USER_PATHS = NO;
				CLANG_ANALYZER_NONNULL = YES;
				CLANG_ANALYZER_NUMBER_OBJECT_CONVERSION = YES_AGGRESSIVE;
				CLANG_CXX_LANGUAGE_STANDARD = "gnu++14";
				CLANG_CXX_LIBRARY = "libc++";
				CLANG_ENABLE_MODULES = YES;
				CLANG_ENABLE_OBJC_ARC = YES;
				CLANG_ENABLE_OBJC_WEAK = YES;
				CLANG_WARN_BLOCK_CAPTURE_AUTORELEASING = YES;
				CLANG_WARN_BOOL_CONVERSION = YES;
				CLANG_WARN_COMMA = YES;
				CLANG_WARN_CONSTANT_CONVERSION = YES;
				CLANG_WARN_DEPRECATED_OBJC_IMPLEMENTATIONS = YES;
				CLANG_WARN_DIRECT_OBJC_ISA_USAGE = YES_ERROR;
				CLANG_WARN_DOCUMENTATION_COMMENTS = YES;
				CLANG_WARN_EMPTY_BODY = YES;
				CLANG_WARN_ENUM_CONVERSION = YES;
				CLANG_WARN_INFINITE_RECURSION = YES;
				CLANG_WARN_INT_CONVERSION = YES;
				CLANG_WARN_NON_LITERAL_NULL_CONVERSION = YES;
				CLANG_WARN_OBJC_IMPLICIT_RETAIN_SELF = YES;
				CLANG_WARN_OBJC_LITERAL_CONVERSION = YES;
				CLANG_WARN_OBJC_ROOT_CLASS = YES_ERROR;
				CLANG_WARN_RANGE_LOOP_ANALYSIS = YES;
				CLANG_WARN_STRICT_PROTOTYPES = YES;
				CLANG_WARN_SUSPICIOUS_MOVE = YES;
				CLANG_WARN_UNGUARDED_AVAILABILITY = YES_AGGRESSIVE;
				CLANG_WARN_UNREACHABLE_CODE = YES;
				CLANG_WARN__DUPLICATE_METHOD_MATCH = YES;
				CODE_SIGN_IDENTITY = "iPhone Developer";
				COPY_PHASE_STRIP = NO;
				DEBUG_INFORMATION_FORMAT = "dwarf-with-dsym";
				ENABLE_NS_ASSERTIONS = NO;
				ENABLE_STRICT_OBJC_MSGSEND = YES;
				GCC_C_LANGUAGE_STANDARD = gnu11;
				GCC_NO_COMMON_BLOCKS = YES;
				GCC_WARN_64_TO_32_BIT_CONVERSION = YES;
				GCC_WARN_ABOUT_RETURN_TYPE = YES_ERROR;
				GCC_WARN_UNDECLARED_SELECTOR = YES;
				GCC_WARN_UNINITIALIZED_AUTOS = YES_AGGRESSIVE;
				GCC_WARN_UNUSED_FUNCTION = YES;
				GCC_WARN_UNUSED_VARIABLE = YES;
				IPHONEOS_DEPLOYMENT_TARGET = 11.3;
				MTL_ENABLE_DEBUG_INFO = NO;
				SDKROOT = iphoneos;
				SWIFT_COMPILATION_MODE = wholemodule;
				SWIFT_OPTIMIZATION_LEVEL = "-O";
				VALIDATE_PRODUCT = YES;
			};
			name = Release;
		};
		FAEC0C5020B592EE00674456 /* Debug */ = {
			isa = XCBuildConfiguration;
			buildSettings = {
				ASSETCATALOG_COMPILER_APPICON_NAME = AppIcon;
				CODE_SIGN_IDENTITY = "iPhone Developer";
				CODE_SIGN_STYLE = Automatic;
				DEVELOPMENT_TEAM = VE85X6LN8T;
				INFOPLIST_FILE = "Veranstaltungen iOS/Info.plist";
				LD_RUNPATH_SEARCH_PATHS = (
					"$(inherited)",
					"@executable_path/Frameworks",
				);
				PRODUCT_BUNDLE_IDENTIFIER = "com.SE1.Veranstaltungen-iOS";
				PRODUCT_NAME = "$(TARGET_NAME)";
				PROVISIONING_PROFILE_SPECIFIER = "";
				SWIFT_VERSION = 4.0;
				TARGETED_DEVICE_FAMILY = "1,2";
			};
			name = Debug;
		};
		FAEC0C5120B592EE00674456 /* Release */ = {
			isa = XCBuildConfiguration;
			buildSettings = {
				ASSETCATALOG_COMPILER_APPICON_NAME = AppIcon;
				CODE_SIGN_IDENTITY = "iPhone Developer";
				CODE_SIGN_STYLE = Automatic;
				DEVELOPMENT_TEAM = VE85X6LN8T;
				INFOPLIST_FILE = "Veranstaltungen iOS/Info.plist";
				LD_RUNPATH_SEARCH_PATHS = (
					"$(inherited)",
					"@executable_path/Frameworks",
				);
				PRODUCT_BUNDLE_IDENTIFIER = "com.SE1.Veranstaltungen-iOS";
				PRODUCT_NAME = "$(TARGET_NAME)";
				PROVISIONING_PROFILE_SPECIFIER = "";
				SWIFT_VERSION = 4.0;
				TARGETED_DEVICE_FAMILY = "1,2";
			};
			name = Release;
		};
		FAEC0C5320B592EE00674456 /* Debug */ = {
			isa = XCBuildConfiguration;
			buildSettings = {
				ALWAYS_EMBED_SWIFT_STANDARD_LIBRARIES = YES;
				BUNDLE_LOADER = "$(TEST_HOST)";
				CODE_SIGN_STYLE = Automatic;
				DEVELOPMENT_TEAM = VE85X6LN8T;
				INFOPLIST_FILE = "Veranstaltungen iOSTests/Info.plist";
				LD_RUNPATH_SEARCH_PATHS = (
					"$(inherited)",
					"@executable_path/Frameworks",
					"@loader_path/Frameworks",
				);
				PRODUCT_BUNDLE_IDENTIFIER = "com.SE1.Veranstaltungen-iOSTests";
				PRODUCT_NAME = "$(TARGET_NAME)";
				SWIFT_VERSION = 4.0;
				TARGETED_DEVICE_FAMILY = "1,2";
				TEST_HOST = "$(BUILT_PRODUCTS_DIR)/Veranstaltungen iOS.app/Veranstaltungen iOS";
			};
			name = Debug;
		};
		FAEC0C5420B592EE00674456 /* Release */ = {
			isa = XCBuildConfiguration;
			buildSettings = {
				ALWAYS_EMBED_SWIFT_STANDARD_LIBRARIES = YES;
				BUNDLE_LOADER = "$(TEST_HOST)";
				CODE_SIGN_STYLE = Automatic;
				DEVELOPMENT_TEAM = VE85X6LN8T;
				INFOPLIST_FILE = "Veranstaltungen iOSTests/Info.plist";
				LD_RUNPATH_SEARCH_PATHS = (
					"$(inherited)",
					"@executable_path/Frameworks",
					"@loader_path/Frameworks",
				);
				PRODUCT_BUNDLE_IDENTIFIER = "com.SE1.Veranstaltungen-iOSTests";
				PRODUCT_NAME = "$(TARGET_NAME)";
				SWIFT_VERSION = 4.0;
				TARGETED_DEVICE_FAMILY = "1,2";
				TEST_HOST = "$(BUILT_PRODUCTS_DIR)/Veranstaltungen iOS.app/Veranstaltungen iOS";
			};
			name = Release;
		};
		FAEC0C5620B592EE00674456 /* Debug */ = {
			isa = XCBuildConfiguration;
			buildSettings = {
				ALWAYS_EMBED_SWIFT_STANDARD_LIBRARIES = YES;
				CODE_SIGN_STYLE = Automatic;
				DEVELOPMENT_TEAM = VE85X6LN8T;
				INFOPLIST_FILE = "Veranstaltungen iOSUITests/Info.plist";
				LD_RUNPATH_SEARCH_PATHS = (
					"$(inherited)",
					"@executable_path/Frameworks",
					"@loader_path/Frameworks",
				);
				PRODUCT_BUNDLE_IDENTIFIER = "com.SE1.Veranstaltungen-iOSUITests";
				PRODUCT_NAME = "$(TARGET_NAME)";
				SWIFT_VERSION = 4.0;
				TARGETED_DEVICE_FAMILY = "1,2";
				TEST_TARGET_NAME = "Veranstaltungen iOS";
			};
			name = Debug;
		};
		FAEC0C5720B592EE00674456 /* Release */ = {
			isa = XCBuildConfiguration;
			buildSettings = {
				ALWAYS_EMBED_SWIFT_STANDARD_LIBRARIES = YES;
				CODE_SIGN_STYLE = Automatic;
				DEVELOPMENT_TEAM = VE85X6LN8T;
				INFOPLIST_FILE = "Veranstaltungen iOSUITests/Info.plist";
				LD_RUNPATH_SEARCH_PATHS = (
					"$(inherited)",
					"@executable_path/Frameworks",
					"@loader_path/Frameworks",
				);
				PRODUCT_BUNDLE_IDENTIFIER = "com.SE1.Veranstaltungen-iOSUITests";
				PRODUCT_NAME = "$(TARGET_NAME)";
				SWIFT_VERSION = 4.0;
				TARGETED_DEVICE_FAMILY = "1,2";
				TEST_TARGET_NAME = "Veranstaltungen iOS";
			};
			name = Release;
		};
/* End XCBuildConfiguration section */

/* Begin XCConfigurationList section */
		FA0FE38020CD5A76005E04A6 /* Build configuration list for PBXNativeTarget "Veranstaltungen Watch Extension" */ = {
			isa = XCConfigurationList;
			buildConfigurations = (
				FA0FE38120CD5A76005E04A6 /* Debug */,
				FA0FE38220CD5A76005E04A6 /* Release */,
			);
			defaultConfigurationIsVisible = 0;
			defaultConfigurationName = Release;
		};
		FA0FE38420CD5A76005E04A6 /* Build configuration list for PBXNativeTarget "Veranstaltungen Watch" */ = {
			isa = XCConfigurationList;
			buildConfigurations = (
				FA0FE38520CD5A76005E04A6 /* Debug */,
				FA0FE38620CD5A76005E04A6 /* Release */,
			);
			defaultConfigurationIsVisible = 0;
			defaultConfigurationName = Release;
		};
		FAEC0C2020B592ED00674456 /* Build configuration list for PBXProject "Veranstaltungen iOS" */ = {
			isa = XCConfigurationList;
			buildConfigurations = (
				FAEC0C4D20B592EE00674456 /* Debug */,
				FAEC0C4E20B592EE00674456 /* Release */,
			);
			defaultConfigurationIsVisible = 0;
			defaultConfigurationName = Release;
		};
		FAEC0C4F20B592EE00674456 /* Build configuration list for PBXNativeTarget "Veranstaltungen iOS" */ = {
			isa = XCConfigurationList;
			buildConfigurations = (
				FAEC0C5020B592EE00674456 /* Debug */,
				FAEC0C5120B592EE00674456 /* Release */,
			);
			defaultConfigurationIsVisible = 0;
			defaultConfigurationName = Release;
		};
		FAEC0C5220B592EE00674456 /* Build configuration list for PBXNativeTarget "Veranstaltungen iOSTests" */ = {
			isa = XCConfigurationList;
			buildConfigurations = (
				FAEC0C5320B592EE00674456 /* Debug */,
				FAEC0C5420B592EE00674456 /* Release */,
			);
			defaultConfigurationIsVisible = 0;
			defaultConfigurationName = Release;
		};
		FAEC0C5520B592EE00674456 /* Build configuration list for PBXNativeTarget "Veranstaltungen iOSUITests" */ = {
			isa = XCConfigurationList;
			buildConfigurations = (
				FAEC0C5620B592EE00674456 /* Debug */,
				FAEC0C5720B592EE00674456 /* Release */,
			);
			defaultConfigurationIsVisible = 0;
			defaultConfigurationName = Release;
		};
/* End XCConfigurationList section */
	};
	rootObject = FAEC0C1D20B592ED00674456 /* Project object */;
}
